
Microsoft Visual Studio Solution File, Format Version 12.00
# Visual Studio 15
VisualStudioVersion = 15.0.28307.421
MinimumVisualStudioVersion = 10.0.40219.1
Project("{FAE04EC0-301F-11D3-BF4B-00C04F79EFBC}") = "WebApplication1", "WebApplication1\WebApplication1.csproj", "{4DB4D50E-ABB8-4037-B2E2-DAF6DFFCB9FA}"
EndProject
Project("{FAE04EC0-301F-11D3-BF4B-00C04F79EFBC}") = "WebApplication1.BLL", "WebApplication1.BLL\WebApplication1.BLL.csproj", "{8E7F176F-D57C-4B5B-96F8-D46E1EFD6A4B}"
EndProject
Global
	GlobalSection(SolutionConfigurationPlatforms) = preSolution
		Debug|Any CPU = Debug|Any CPU
		Release|Any CPU = Release|Any CPU
	EndGlobalSection
	GlobalSection(ProjectConfigurationPlatforms) = postSolution
		{4DB4D50E-ABB8-4037-B2E2-DAF6DFFCB9FA}.Debug|Any CPU.ActiveCfg = Debug|Any CPU
		{4DB4D50E-ABB8-4037-B2E2-DAF6DFFCB9FA}.Debug|Any CPU.Build.0 = Debug|Any CPU
		{4DB4D50E-ABB8-4037-B2E2-DAF6DFFCB9FA}.Release|Any CPU.ActiveCfg = Release|Any CPU
		{4DB4D50E-ABB8-4037-B2E2-DAF6DFFCB9FA}.Release|Any CPU.Build.0 = Release|Any CPU
		{8E7F176F-D57C-4B5B-96F8-D46E1EFD6A4B}.Debug|Any CPU.ActiveCfg = Debug|Any CPU
		{8E7F176F-D57C-4B5B-96F8-D46E1EFD6A4B}.Debug|Any CPU.Build.0 = Debug|Any CPU
		{8E7F176F-D57C-4B5B-96F8-D46E1EFD6A4B}.Release|Any CPU.ActiveCfg = Release|Any CPU
		{8E7F176F-D57C-4B5B-96F8-D46E1EFD6A4B}.Release|Any CPU.Build.0 = Release|Any CPU
	EndGlobalSection
	GlobalSection(SolutionProperties) = preSolution
		HideSolutionNode = FALSE
	EndGlobalSection
	GlobalSection(ExtensibilityGlobals) = postSolution
		SolutionGuid = {52A834D9-EFF9-417E-85B4-91AE46BEBC80}
	EndGlobalSection
EndGlobal
